<Solution>
  <Folder Name="/src/" />
  <Folder Name="/src/BuildingBlocks/">
    <Project Path="src/BuildingBlocks/Common.Caching/Common.Caching.csproj" />
    <Project Path="src/BuildingBlocks/Common.Logging/Common.Logging.csproj" />
    <Project Path="src/BuildingBlocks/EventBus.RabbitMQ/EventBus.RabbitMQ.csproj" />
  </Folder>
  <Folder Name="/src/Services/" />
  <Folder Name="/src/Services/Booking/">
    <Project Path="src/Services/Booking/Booking.API/Booking.API.csproj" />
    <Project Path="src/Services/Booking/Booking.Application/Booking.Application.csproj" />
    <Project Path="src/Services/Booking/Booking.Domain/Booking.Domain.csproj" />
    <Project Path="src/Services/Booking/Booking.Infrastructure/Booking.Infrastructure.csproj" />
  </Folder>
  <Folder Name="/src/Services/Events/">
    <Project Path="src/Services/Events/Events.API/Events.API.csproj" />
    <Project Path="src/Services/Events/Events.Application/Events.Application.csproj" />
    <Project Path="src/Services/Events/Events.Domain/Events.Domain.csproj" />
    <Project Path="src/Services/Events/Events.Infrastructure/Events.Infrastructure.csproj" />
  </Folder>
  <Folder Name="/src/Services/Identity/">
    <Project Path="src/Services/Identity/Identity.API/Identity.API.csproj" />
    <Project Path="src/Services/Identity/Identity.Application/Identity.Application.csproj" />
    <Project Path="src/Services/Identity/Identity.Domain/Identity.Domain.csproj" />
    <Project Path="src/Services/Identity/Identity.Infrastructure/Identity.Infrastructure.csproj" />
  </Folder>
</Solution>
